{
  "name": "streaming-sample",
  "version": "1.0.0",
  "lockfileVersion": 1,
  "requires": true,
  "dependencies": {
    "@types/isomorphic-fetch": {
      "version": "0.0.35",
      "resolved": "https://registry.npmjs.org/@types/isomorphic-fetch/-/isomorphic-fetch-0.0.35.tgz",
      "integrity": "sha512-DaZNUvLDCAnCTjgwxgiL1eQdxIKEpNLOlTNtAgnZc50bG2copGhRrFN9/PxPBuJe+tZVLCbQ7ls0xveXVRPkvw=="
    },
    "@types/jsonwebtoken": {
      "version": "8.5.0",
      "resolved": "https://registry.npmjs.org/@types/jsonwebtoken/-/jsonwebtoken-8.5.0.tgz",
      "integrity": "sha512-9bVao7LvyorRGZCw0VmH/dr7Og+NdjYSsKAxB43OQoComFbBgsEpoR9JW6+qSq/ogwVBg8GI2MfAlk4SYI4OLg==",
      "requires": {
        "@types/node": "*"
      }
    },
    "@types/jssha": {
      "version": "2.0.0",
      "resolved": "https://registry.npmjs.org/@types/jssha/-/jssha-2.0.0.tgz",
      "integrity": "sha512-oBnY3csYnXfqZXDRBJwP1nDDJCW/+VMJ88UHT4DCy0deSXpJIQvMCwYlnmdW4M+u7PiSfQc44LmiFcUbJ8hLEw=="
    },
    "@types/node": {
      "version": "14.14.14",
      "resolved": "https://registry.npmjs.org/@types/node/-/node-14.14.14.tgz",
      "integrity": "sha512-UHnOPWVWV1z+VV8k6L1HhG7UbGBgIdghqF3l9Ny9ApPghbjICXkUJSd/b9gOgQfjM1r+37cipdw/HJ3F6ICEnQ=="
    },
    "@types/opossum": {
      "version": "4.1.1",
      "resolved": "https://registry.npmjs.org/@types/opossum/-/opossum-4.1.1.tgz",
      "integrity": "sha512-9TMnd8AWRVtnZMqBbbzceQoJdafErgUViogFaQ3eetsbeLtiFFZ695mepNaLtlfJi4uRP3GmHfe3CJ2DZKaxYA==",
      "requires": {
        "@types/node": "*"
      }
    },
    "@types/sshpk": {
      "version": "1.10.5",
      "resolved": "https://registry.npmjs.org/@types/sshpk/-/sshpk-1.10.5.tgz",
      "integrity": "sha512-5EKeKE0YmM2F5xjhk5k6mgL9tx5XpHPqKVaN5c1zCBGSFv4VPRqp1fhGKjo1lkyb7kmvchjgWB8TPAT14+JiRg==",
      "requires": {
        "@types/node": "*"
      }
    },
    "asn1": {
      "version": "0.2.4",
      "resolved": "https://registry.npmjs.org/asn1/-/asn1-0.2.4.tgz",
      "integrity": "sha512-jxwzQpLQjSmWXgwaCZE9Nz+glAG01yF1QnWgbhGwHI5A6FRIEY6IVqtHhIepHqI7/kyEyQEagBC5mBEFlIYvdg==",
      "requires": {
        "safer-buffer": "~2.1.0"
      }
    },
    "assert-plus": {
      "version": "1.0.0",
      "resolved": "https://registry.npmjs.org/assert-plus/-/assert-plus-1.0.0.tgz",
      "integrity": "sha1-8S4PPF13sLHN2RRpQuTpbB5N1SU="
    },
    "await-semaphore": {
      "version": "0.1.3",
      "resolved": "https://registry.npmjs.org/await-semaphore/-/await-semaphore-0.1.3.tgz",
      "integrity": "sha512-d1W2aNSYcz/sxYO4pMGX9vq65qOTu0P800epMud+6cYYX0QcT7zyqcxec3VWzpgvdXo57UWmVbZpLMjX2m1I7Q=="
    },
    "bcrypt-pbkdf": {
      "version": "1.0.2",
      "resolved": "https://registry.npmjs.org/bcrypt-pbkdf/-/bcrypt-pbkdf-1.0.2.tgz",
      "integrity": "sha1-pDAdOJtqQ/m2f/PKEaP2Y342Dp4=",
      "requires": {
        "tweetnacl": "^0.14.3"
      }
    },
    "buffer-equal-constant-time": {
      "version": "1.0.1",
      "resolved": "https://registry.npmjs.org/buffer-equal-constant-time/-/buffer-equal-constant-time-1.0.1.tgz",
      "integrity": "sha1-+OcRMvf/5uAaXJaXpMbz5I1cyBk="
    },
    "core-util-is": {
      "version": "1.0.2",
      "resolved": "https://registry.npmjs.org/core-util-is/-/core-util-is-1.0.2.tgz",
      "integrity": "sha1-tf1UIgqivFq1eqtxQMlAdUUDwac="
    },
    "dashdash": {
      "version": "1.14.1",
      "resolved": "https://registry.npmjs.org/dashdash/-/dashdash-1.14.1.tgz",
      "integrity": "sha1-hTz6D3y+L+1d4gMmuN1YEDX24vA=",
      "requires": {
        "assert-plus": "^1.0.0"
      }
    },
    "ecc-jsbn": {
      "version": "0.1.2",
      "resolved": "https://registry.npmjs.org/ecc-jsbn/-/ecc-jsbn-0.1.2.tgz",
      "integrity": "sha1-OoOpBOVDUyh4dMVkt1SThoSamMk=",
      "requires": {
        "jsbn": "~0.1.0",
        "safer-buffer": "^2.1.0"
      }
    },
    "ecdsa-sig-formatter": {
      "version": "1.0.11",
      "resolved": "https://registry.npmjs.org/ecdsa-sig-formatter/-/ecdsa-sig-formatter-1.0.11.tgz",
      "integrity": "sha512-nagl3RYrbNv6kQkeJIpt6NJZy8twLB/2vtz6yN9Z4vRKHN4/QZJIEbqohALSgwKdnksuY3k5Addp5lg8sVoVcQ==",
      "requires": {
        "safe-buffer": "^5.0.1"
      }
    },
    "encoding": {
      "version": "0.1.13",
      "resolved": "https://registry.npmjs.org/encoding/-/encoding-0.1.13.tgz",
      "integrity": "sha512-ETBauow1T35Y/WZMkio9jiM0Z5xjHHmJ4XmjZOq1l/dXz3lr2sRn87nJy20RupqSh1F2m3HHPSp8ShIPQJrJ3A==",
      "requires": {
        "iconv-lite": "^0.6.2"
      }
    },
    "es6-promise": {
      "version": "4.2.6",
      "resolved": "https://registry.npmjs.org/es6-promise/-/es6-promise-4.2.6.tgz",
      "integrity": "sha512-aRVgGdnmW2OiySVPUC9e6m+plolMAJKjZnQlCwNSuK5yQ0JN61DZSO1X1Ufd1foqWRAlig0rhduTCHe7sVtK5Q=="
    },
    "extsprintf": {
      "version": "1.3.0",
      "resolved": "https://registry.npmjs.org/extsprintf/-/extsprintf-1.3.0.tgz",
      "integrity": "sha1-lpGEQOMEGnpBT4xS48V06zw+HgU="
    },
    "getpass": {
      "version": "0.1.7",
      "resolved": "https://registry.npmjs.org/getpass/-/getpass-0.1.7.tgz",
      "integrity": "sha1-Xv+OPmhNVprkyysSgmBOi6YhSfo=",
      "requires": {
        "assert-plus": "^1.0.0"
      }
    },
    "http-signature": {
      "version": "1.3.1",
      "resolved": "https://registry.npmjs.org/http-signature/-/http-signature-1.3.1.tgz",
      "integrity": "sha512-Y29YKEc8MQsjch/VzkUVJ+2MXd9WcR42fK5u36CZf4G8bXw2DXMTWuESiB0R6m59JAWxlPPw5/Fri/t/AyyueA==",
      "requires": {
        "assert-plus": "^1.0.0",
        "jsprim": "^1.2.2",
        "sshpk": "^1.14.1"
      }
    },
    "iconv-lite": {
      "version": "0.6.2",
      "resolved": "https://registry.npmjs.org/iconv-lite/-/iconv-lite-0.6.2.tgz",
      "integrity": "sha512-2y91h5OpQlolefMPmUlivelittSWy0rP+oYVpn6A7GwVHNE8AWzoYOBNmlwks3LobaJxgHCYZAnyNo2GgpNRNQ==",
      "requires": {
        "safer-buffer": ">= 2.1.2 < 3.0.0"
      }
    },
    "is-stream": {
      "version": "1.1.0",
      "resolved": "https://registry.npmjs.org/is-stream/-/is-stream-1.1.0.tgz",
      "integrity": "sha1-EtSj3U5o4Lec6428hBc66A2RykQ="
    },
    "isomorphic-fetch": {
      "version": "2.2.1",
      "resolved": "https://registry.npmjs.org/isomorphic-fetch/-/isomorphic-fetch-2.2.1.tgz",
      "integrity": "sha1-YRrhrPFPXoH3KVB0coGf6XM1WKk=",
      "requires": {
        "node-fetch": "^1.0.1",
        "whatwg-fetch": ">=0.10.0"
      }
    },
    "jsbn": {
      "version": "0.1.1",
      "resolved": "https://registry.npmjs.org/jsbn/-/jsbn-0.1.1.tgz",
      "integrity": "sha1-peZUwuWi3rXyAdls77yoDA7y9RM="
    },
    "json-schema": {
      "version": "0.2.3",
      "resolved": "https://registry.npmjs.org/json-schema/-/json-schema-0.2.3.tgz",
      "integrity": "sha1-tIDIkuWaLwWVTOcnvT8qTogvnhM="
    },
    "jsonwebtoken": {
      "version": "8.5.1",
      "resolved": "https://registry.npmjs.org/jsonwebtoken/-/jsonwebtoken-8.5.1.tgz",
      "integrity": "sha512-XjwVfRS6jTMsqYs0EsuJ4LGxXV14zQybNd4L2r0UvbVnSF9Af8x7p5MzbJ90Ioz/9TI41/hTCvznF/loiSzn8w==",
      "requires": {
        "jws": "^3.2.2",
        "lodash.includes": "^4.3.0",
        "lodash.isboolean": "^3.0.3",
        "lodash.isinteger": "^4.0.4",
        "lodash.isnumber": "^3.0.3",
        "lodash.isplainobject": "^4.0.6",
        "lodash.isstring": "^4.0.1",
        "lodash.once": "^4.0.0",
        "ms": "^2.1.1",
        "semver": "^5.6.0"
      }
    },
    "jsprim": {
      "version": "1.4.1",
      "resolved": "https://registry.npmjs.org/jsprim/-/jsprim-1.4.1.tgz",
      "integrity": "sha1-MT5mvB5cwG5Di8G3SZwuXFastqI=",
      "requires": {
        "assert-plus": "1.0.0",
        "extsprintf": "1.3.0",
        "json-schema": "0.2.3",
        "verror": "1.10.0"
      }
    },
    "jssha": {
      "version": "2.4.1",
      "resolved": "https://registry.npmjs.org/jssha/-/jssha-2.4.1.tgz",
      "integrity": "sha512-77DN1YurYgh+7FPCTJ2CQ6hVDHgIWiHxm4Y5/mAdnpETKYagX22pVWMz4xfKF5fcpNfMaztgVj+/B1bt2k23Eg=="
    },
    "jwa": {
      "version": "1.4.1",
      "resolved": "https://registry.npmjs.org/jwa/-/jwa-1.4.1.tgz",
      "integrity": "sha512-qiLX/xhEEFKUAJ6FiBMbes3w9ATzyk5W7Hvzpa/SLYdxNtng+gcurvrI7TbACjIXlsJyr05/S1oUhZrc63evQA==",
      "requires": {
        "buffer-equal-constant-time": "1.0.1",
        "ecdsa-sig-formatter": "1.0.11",
        "safe-buffer": "^5.0.1"
      }
    },
    "jws": {
      "version": "3.2.2",
      "resolved": "https://registry.npmjs.org/jws/-/jws-3.2.2.tgz",
      "integrity": "sha512-YHlZCB6lMTllWDtSPHz/ZXTsi8S00usEV6v1tjq8tOUZzw7DpSDWVXjXDre6ed1w/pd495ODpHZYSdkRTsa0HA==",
      "requires": {
        "jwa": "^1.4.1",
        "safe-buffer": "^5.0.1"
      }
    },
    "lodash.includes": {
      "version": "4.3.0",
      "resolved": "https://registry.npmjs.org/lodash.includes/-/lodash.includes-4.3.0.tgz",
      "integrity": "sha1-YLuYqHy5I8aMoeUTJUgzFISfVT8="
    },
    "lodash.isboolean": {
      "version": "3.0.3",
      "resolved": "https://registry.npmjs.org/lodash.isboolean/-/lodash.isboolean-3.0.3.tgz",
      "integrity": "sha1-bC4XHbKiV82WgC/UOwGyDV9YcPY="
    },
    "lodash.isinteger": {
      "version": "4.0.4",
      "resolved": "https://registry.npmjs.org/lodash.isinteger/-/lodash.isinteger-4.0.4.tgz",
      "integrity": "sha1-YZwK89A/iwTDH1iChAt3sRzWg0M="
    },
    "lodash.isnumber": {
      "version": "3.0.3",
      "resolved": "https://registry.npmjs.org/lodash.isnumber/-/lodash.isnumber-3.0.3.tgz",
      "integrity": "sha1-POdoEMWSjQM1IwGsKHMX8RwLH/w="
    },
    "lodash.isplainobject": {
      "version": "4.0.6",
      "resolved": "https://registry.npmjs.org/lodash.isplainobject/-/lodash.isplainobject-4.0.6.tgz",
      "integrity": "sha1-fFJqUtibRcRcxpC4gWO+BJf1UMs="
    },
    "lodash.isstring": {
      "version": "4.0.1",
      "resolved": "https://registry.npmjs.org/lodash.isstring/-/lodash.isstring-4.0.1.tgz",
      "integrity": "sha1-1SfftUVuynzJu5XV2ur4i6VKVFE="
    },
    "lodash.once": {
      "version": "4.1.1",
      "resolved": "https://registry.npmjs.org/lodash.once/-/lodash.once-4.1.1.tgz",
      "integrity": "sha1-DdOXEhPHxW34gJd9UEyI+0cal6w="
    },
    "ms": {
      "version": "2.1.3",
      "resolved": "https://registry.npmjs.org/ms/-/ms-2.1.3.tgz",
      "integrity": "sha512-6FlzubTLZG3J2a/NVCAleEhjzq5oxgHyaCU9yYXvcLsvoVaHJq/s5xXI6/XXP6tz7R9xAOtHnSO/tXtF3WRTlA=="
    },
    "node-fetch": {
      "version": "1.7.3",
      "resolved": "https://registry.npmjs.org/node-fetch/-/node-fetch-1.7.3.tgz",
      "integrity": "sha512-NhZ4CsKx7cYm2vSrBAr2PvFOe6sWDf0UYLRqA6svUYg7+/TSfVAu49jYC4BvQ4Sms9SZgdqGBgroqfDhJdTyKQ==",
      "requires": {
        "encoding": "^0.1.11",
        "is-stream": "^1.0.1"
      }
    },
    "oci-analytics": {
      "version": "1.10.0",
      "resolved": "https://registry.npmjs.org/oci-analytics/-/oci-analytics-1.10.0.tgz",
      "integrity": "sha512-N8d5RdoEZHnN6nLKUI6PPxHeh2cpBxwKQZ8Yr30pW4GjxEJ/qQhsWCkLRNOLbfa2GwaGZBoNv4zOCY3v7x0TYg==",
      "requires": {
        "oci-common": "1.10.0",
        "oci-workrequests": "1.10.0"
      }
    },
    "oci-announcementsservice": {
      "version": "1.10.0",
      "resolved": "https://registry.npmjs.org/oci-announcementsservice/-/oci-announcementsservice-1.10.0.tgz",
      "integrity": "sha512-ntHBc2dVeFahmvXaUMxk+Ou1WW1DOWFIkf+ROA+dgJiRGj75Y4hYETcrmkgNb3R25z5zfG5KaXvcVL61+cNo5g==",
      "requires": {
        "oci-common": "1.10.0",
        "oci-workrequests": "1.10.0"
      }
    },
    "oci-apigateway": {
      "version": "1.10.0",
      "resolved": "https://registry.npmjs.org/oci-apigateway/-/oci-apigateway-1.10.0.tgz",
      "integrity": "sha512-ydU4Gs4AnsDsEPuUjIEL/898mm4Ijuhwf13rQ2sGXFmSap2lwfoczuyMQ8cxrKjrXbpEpRonm3Fy7kVVbanvpA==",
      "requires": {
        "oci-common": "1.10.0",
        "oci-workrequests": "1.10.0"
      }
    },
    "oci-applicationmigration": {
      "version": "1.10.0",
      "resolved": "https://registry.npmjs.org/oci-applicationmigration/-/oci-applicationmigration-1.10.0.tgz",
      "integrity": "sha512-0y/8J/MXTqfmrbmEg7cWTc2uAfVuXMTEXypMLjDglziVcySQI7lTb3eRSz48K+qpAn++RYOyEsLZ4kjfl+Sl5A==",
      "requires": {
        "oci-common": "1.10.0",
        "oci-workrequests": "1.10.0"
      }
    },
    "oci-audit": {
      "version": "1.10.0",
      "resolved": "https://registry.npmjs.org/oci-audit/-/oci-audit-1.10.0.tgz",
      "integrity": "sha512-5O3ILmm5GMVL4aoiZBG5dyV/Gt84uN795JIxe9Pf3QQPs9sScem+/Wz2eNTb5q4yL/uGsIDG4DXdtDAdG91qng==",
      "requires": {
        "oci-common": "1.10.0",
        "oci-workrequests": "1.10.0"
      }
    },
    "oci-autoscaling": {
      "version": "1.10.0",
      "resolved": "https://registry.npmjs.org/oci-autoscaling/-/oci-autoscaling-1.10.0.tgz",
      "integrity": "sha512-8t/A+hDyNKGgjCjEkj8P9kLI5FTAHJEkgGHMk/UJUoH9JtIqXmvBOsKM4TCpBJ/WbrHI3iaWZNjO5lPbYR0i5Q==",
      "requires": {
        "oci-common": "1.10.0",
        "oci-workrequests": "1.10.0"
      }
    },
    "oci-bds": {
      "version": "1.10.0",
      "resolved": "https://registry.npmjs.org/oci-bds/-/oci-bds-1.10.0.tgz",
      "integrity": "sha512-lZbOnmYLg2TjrMcclrKbu/gNxklEsMie1TnVXT+Oh2t/XJBqw+pT/XXousWSfX5OnOITj/wUubpeAUC1O+mTaQ==",
      "requires": {
        "oci-common": "1.10.0",
        "oci-workrequests": "1.10.0"
      }
    },
    "oci-blockchain": {
      "version": "1.10.0",
      "resolved": "https://registry.npmjs.org/oci-blockchain/-/oci-blockchain-1.10.0.tgz",
      "integrity": "sha512-Btr5ucK0ImCEhsrF0cpdEhxIpcSrf0G0RJjditM55Y7ViE8pmCNNSfoCwQ7GcChB0p2sKswHj+0WeKNeKpHlFQ==",
      "requires": {
        "oci-common": "1.10.0",
        "oci-workrequests": "1.10.0"
      }
    },
    "oci-budget": {
      "version": "1.10.0",
      "resolved": "https://registry.npmjs.org/oci-budget/-/oci-budget-1.10.0.tgz",
      "integrity": "sha512-H7YUhfEq1MJCj2zX5rGMbY/2ponMfOMuHyx79byNMP34Jdf3IgyAneQ0C5sFl7PDFpeIFONsJn69QX0cmHoR+w==",
      "requires": {
        "oci-common": "1.10.0",
        "oci-workrequests": "1.10.0"
      }
    },
    "oci-cims": {
      "version": "1.10.0",
      "resolved": "https://registry.npmjs.org/oci-cims/-/oci-cims-1.10.0.tgz",
      "integrity": "sha512-RaeCg3cIY6Zq9X7yD9veLYmhkvfbvUFYmsuC4yTX1AP6M73GNSyDqgUvRLbG05OahdspZDfjyvL7P/0qFicgig==",
      "requires": {
        "oci-common": "1.10.0",
        "oci-workrequests": "1.10.0"
      }
    },
    "oci-cloudguard": {
      "version": "1.10.0",
      "resolved": "https://registry.npmjs.org/oci-cloudguard/-/oci-cloudguard-1.10.0.tgz",
      "integrity": "sha512-AjPa4Vn45kDUCfsH4NXUsqlfbeNr5RidgyjxZgchQdvjIzKeQtwsG4+F+28o7HMBqqBZ0JHkwnXbZ30QsMhA5Q==",
      "requires": {
        "oci-common": "1.10.0",
        "oci-workrequests": "1.10.0"
      }
    },
    "oci-common": {
      "version": "1.10.0",
      "resolved": "https://registry.npmjs.org/oci-common/-/oci-common-1.10.0.tgz",
      "integrity": "sha512-QVUrskWKygk306arQQX0CqmuD9oWrOHht53kxE1zFuSzStplm8dOPi2TpGX/s5+mA2/ow9LiwpeWkl/Z2R54cg==",
      "requires": {
        "@types/isomorphic-fetch": "0.0.35",
        "@types/jsonwebtoken": "^8.5.0",
        "@types/jssha": "^2.0.0",
        "@types/opossum": "4.1.1",
        "@types/sshpk": "^1.10.3",
        "es6-promise": "4.2.6",
        "http-signature": "1.3.1",
        "isomorphic-fetch": "2.2.1",
        "jsonwebtoken": "8.5.1",
        "jssha": "2.4.1",
        "opossum": "5.0.1",
        "sshpk": "1.16.1",
        "uuid": "3.3.3"
      }
    },
    "oci-computeinstanceagent": {
      "version": "1.10.0",
      "resolved": "https://registry.npmjs.org/oci-computeinstanceagent/-/oci-computeinstanceagent-1.10.0.tgz",
      "integrity": "sha512-lvzDItuy8qQFKlVevt19fJuEuFH3aL2GRPQCxcRK53CXclyvv2/vaBiyiRitn7Ak3gH8iJk9DIpoAtYKeG2sHg==",
      "requires": {
        "oci-common": "1.10.0",
        "oci-workrequests": "1.10.0"
      }
    },
    "oci-containerengine": {
      "version": "1.10.0",
      "resolved": "https://registry.npmjs.org/oci-containerengine/-/oci-containerengine-1.10.0.tgz",
      "integrity": "sha512-xkAOmDzWhIcikTeGnEg0bLsRbu8zYPHDUDJIyF/XdOZfzaCMBaXsHnRA1XPKYh+/H2donsncq1nL8oR+5E70lQ==",
      "requires": {
        "oci-common": "1.10.0",
        "oci-workrequests": "1.10.0"
      }
    },
    "oci-core": {
      "version": "1.10.0",
      "resolved": "https://registry.npmjs.org/oci-core/-/oci-core-1.10.0.tgz",
      "integrity": "sha512-SDa6CTZcXtnInFHk0DZbzFpha1jWUxL4bBIUGIgqHYgV+aoX4W+YB6mfpCyyzXldtnVW26sZISWsjnzU9LzIaA==",
      "requires": {
        "oci-common": "1.10.0",
        "oci-workrequests": "1.10.0"
      }
    },
    "oci-database": {
      "version": "1.10.0",
      "resolved": "https://registry.npmjs.org/oci-database/-/oci-database-1.10.0.tgz",
      "integrity": "sha512-iMEcv1squroSbDeTYioG2P45Tmyh1DVRFX59Un09hzz+pb1y7T7WcSkqCDHmYeIfQqwR03w9WRNiIeSOpkyN0A==",
      "requires": {
        "oci-common": "1.10.0",
        "oci-workrequests": "1.10.0"
      }
    },
    "oci-datacatalog": {
      "version": "1.10.0",
      "resolved": "https://registry.npmjs.org/oci-datacatalog/-/oci-datacatalog-1.10.0.tgz",
      "integrity": "sha512-oYwIy0Y/M1mqg5hpfPhRbBkV3E75FWX7Bl/otr2eRKhatnPvpEb1EAvkwtd/v3Fz05YquUe23Fb3kJiwc8nCXw==",
      "requires": {
        "oci-common": "1.10.0",
        "oci-workrequests": "1.10.0"
      }
    },
    "oci-dataflow": {
      "version": "1.10.0",
      "resolved": "https://registry.npmjs.org/oci-dataflow/-/oci-dataflow-1.10.0.tgz",
      "integrity": "sha512-d2rfIAdYhaGHw22KZfziFquYjtj+s3nGgovHxEzE4xjA0qS7nWqtPQhYnnbHweoFbd3YA208YsWAq/q8/XNlUw==",
      "requires": {
        "oci-common": "1.10.0",
        "oci-workrequests": "1.10.0"
      }
    },
    "oci-dataintegration": {
      "version": "1.10.0",
      "resolved": "https://registry.npmjs.org/oci-dataintegration/-/oci-dataintegration-1.10.0.tgz",
      "integrity": "sha512-lno3PFwNh8uvOzG0siLkxzTmsKHvmde1Yol1WVi4dk04nw0FXDiAEwDDogUNuYEE9GRVCTs2FuN7eMeO6eYlog==",
      "requires": {
        "oci-common": "1.10.0",
        "oci-workrequests": "1.10.0"
      }
    },
    "oci-datasafe": {
      "version": "1.10.0",
      "resolved": "https://registry.npmjs.org/oci-datasafe/-/oci-datasafe-1.10.0.tgz",
      "integrity": "sha512-GH0/V3nVRJCD7PKgEeArtrfHZdbD/DDCjfXP3+wIIZ6UTEDnmsuldNo172O9IsYeL3thoLY1OMsR4ZEx+ZDfPw==",
      "requires": {
        "oci-common": "1.10.0",
        "oci-workrequests": "1.10.0"
      }
    },
    "oci-datascience": {
      "version": "1.10.0",
      "resolved": "https://registry.npmjs.org/oci-datascience/-/oci-datascience-1.10.0.tgz",
      "integrity": "sha512-Ej506x0KTXKFTQSTVgAt9C6lKT7GhiWrA2DavdBue7f1rRtqDSnJEwmLm/WomY2P9t5zB0FSq7lS/nXj6zrNtw==",
      "requires": {
        "oci-common": "1.10.0",
        "oci-workrequests": "1.10.0"
      }
    },
    "oci-dns": {
      "version": "1.10.0",
      "resolved": "https://registry.npmjs.org/oci-dns/-/oci-dns-1.10.0.tgz",
      "integrity": "sha512-eWDSlJ8mJJnrYpnkEnfZ8dfJI0pZhzWwt7wuVBtjTy7uVPQN9Q/u6iSs/8zfRyu8B3UfqW5mznWseZ3ZCadG+A==",
      "requires": {
        "oci-common": "1.10.0",
        "oci-workrequests": "1.10.0"
      }
    },
    "oci-dts": {
      "version": "1.10.0",
      "resolved": "https://registry.npmjs.org/oci-dts/-/oci-dts-1.10.0.tgz",
      "integrity": "sha512-ML5rZALalkBfxWNe4Gh4/dR8/++yHPm7CNI/K0lKi68Dgd0Kdxj6arpKycV9S23zQTqW1iRwOfhmH900e5+iUg==",
      "requires": {
        "oci-common": "1.10.0",
        "oci-workrequests": "1.10.0"
      }
    },
    "oci-email": {
      "version": "1.10.0",
      "resolved": "https://registry.npmjs.org/oci-email/-/oci-email-1.10.0.tgz",
      "integrity": "sha512-Ie8Xakxk/PJmghCnI9FF+/TNcf7Ll9OWVAiifivyJlxx7oQJESBrNeepn0nDaIjSDJoTFRfjsodkvUO107vi8g==",
      "requires": {
        "oci-common": "1.10.0",
        "oci-workrequests": "1.10.0"
      }
    },
    "oci-events": {
      "version": "1.10.0",
      "resolved": "https://registry.npmjs.org/oci-events/-/oci-events-1.10.0.tgz",
      "integrity": "sha512-m5NmpD1j+3/8GPEg1CflJjw02DphfX2U0JKb1Y+Ozp7cAIGYOcZuVJCuQA+rk5fWqpnjvriQPlIGYGXaZg22Vw==",
      "requires": {
        "oci-common": "1.10.0",
        "oci-workrequests": "1.10.0"
      }
    },
    "oci-filestorage": {
      "version": "1.10.0",
      "resolved": "https://registry.npmjs.org/oci-filestorage/-/oci-filestorage-1.10.0.tgz",
      "integrity": "sha512-vNkTd9omhlq9k2LwyGg6gLNmPewmrgSuLGb4sN3D9cZIYn5ud1k4xgmLAg9ZYmNEJJtsc4y2oXdZ1M7r1W2F5Q==",
      "requires": {
        "oci-common": "1.10.0",
        "oci-workrequests": "1.10.0"
      }
    },
    "oci-functions": {
      "version": "1.10.0",
      "resolved": "https://registry.npmjs.org/oci-functions/-/oci-functions-1.10.0.tgz",
      "integrity": "sha512-PYrbgqsICVlh2JQnN9+/PxchUCKQrJoW2xPQWVS1lg68SrLLMLfwm2dqS4Ue85iS8PoyeVUICzlH5BYd1M6eHQ==",
      "requires": {
        "oci-common": "1.10.0",
        "oci-workrequests": "1.10.0"
      }
    },
    "oci-healthchecks": {
      "version": "1.10.0",
      "resolved": "https://registry.npmjs.org/oci-healthchecks/-/oci-healthchecks-1.10.0.tgz",
      "integrity": "sha512-EOJ85NzuMH4SN/5HkwW+N7AHzhX1bym8J+V2fQfd6KdAjLr92jlUZZQQkWk5f7xWRNgdnqha5biuxFvCD4QsLg==",
      "requires": {
        "oci-common": "1.10.0",
        "oci-workrequests": "1.10.0"
      }
    },
    "oci-identity": {
      "version": "1.10.0",
      "resolved": "https://registry.npmjs.org/oci-identity/-/oci-identity-1.10.0.tgz",
      "integrity": "sha512-vlhWutYdrrFD/vHjW3p8Hwt2cWhSC//jQKLngrj/HB8e5mm3qrp0Y3oWuemfN5T+ASCKDdxrs1ah092q1Quj2A==",
      "requires": {
        "oci-common": "1.10.0",
        "oci-workrequests": "1.10.0"
      }
    },
    "oci-integration": {
      "version": "1.10.0",
      "resolved": "https://registry.npmjs.org/oci-integration/-/oci-integration-1.10.0.tgz",
      "integrity": "sha512-5HUfY6nga25aronSq/jpxd8pC2LUCUfZ6ZQouyWt+oWdf3YjB3IP+zmmX9Bn1ViwZXJcePsEZ4Tty9oS30KOrQ==",
      "requires": {
        "oci-common": "1.10.0",
        "oci-workrequests": "1.10.0"
      }
    },
    "oci-keymanagement": {
      "version": "1.10.0",
      "resolved": "https://registry.npmjs.org/oci-keymanagement/-/oci-keymanagement-1.10.0.tgz",
      "integrity": "sha512-itR612qxsR4i+r3doe7lxnKeRUeA0YGxWulSQlHtEwCbyld06OJbjmQhGP24tWD/EfoG/sErz2CWTEsv/70Svg==",
      "requires": {
        "oci-common": "1.10.0",
        "oci-workrequests": "1.10.0"
      }
    },
    "oci-limits": {
      "version": "1.10.0",
      "resolved": "https://registry.npmjs.org/oci-limits/-/oci-limits-1.10.0.tgz",
      "integrity": "sha512-EbUHqO8nl0r5NZkJfePj9hAfgaXNufc7Fp2lKx3xmiKtF/Ews/2CiCl8sd9rgFKdp2V/MFQZHBf9bzRbUuToPQ==",
      "requires": {
        "oci-common": "1.10.0",
        "oci-workrequests": "1.10.0"
      }
    },
    "oci-loadbalancer": {
      "version": "1.10.0",
      "resolved": "https://registry.npmjs.org/oci-loadbalancer/-/oci-loadbalancer-1.10.0.tgz",
      "integrity": "sha512-0kfa1zo5JYcq4ZQYGtSUO5EMei7czPstYMqGoxV/du1gQx/pIfMlpI5UIEOgX6LJ+GPSl6Gv3lwsfQ5klnoEMg==",
      "requires": {
        "oci-common": "1.10.0",
        "oci-workrequests": "1.10.0"
      }
    },
    "oci-loganalytics": {
      "version": "1.10.0",
      "resolved": "https://registry.npmjs.org/oci-loganalytics/-/oci-loganalytics-1.10.0.tgz",
      "integrity": "sha512-U1XRehnkuGNVsnHnE5ptHvxOScenodaT8WbPncTo9X7wTIpYFo9UsewDzhr0zmQDlr9qQ/1Wvz9eliGls5Hz3w==",
      "requires": {
        "oci-common": "1.10.0",
        "oci-workrequests": "1.10.0"
      }
    },
    "oci-logging": {
      "version": "1.10.0",
      "resolved": "https://registry.npmjs.org/oci-logging/-/oci-logging-1.10.0.tgz",
      "integrity": "sha512-2Cxa3/wa8IE7ES8/0nICnjOg1rrNiIibgQQJf7E3vanXeX+xpsbJtZ/ThPUAqx8SYLwk+ciZLfFZd4Y0vacioA==",
      "requires": {
        "oci-common": "1.10.0",
        "oci-workrequests": "1.10.0"
      }
    },
    "oci-loggingingestion": {
      "version": "1.10.0",
      "resolved": "https://registry.npmjs.org/oci-loggingingestion/-/oci-loggingingestion-1.10.0.tgz",
      "integrity": "sha512-/gRRma4tHaX+CPk2rnhbQyl4djADQPlBUIzhFyJD5xgE43RLMRE0xKJD6Gg9R0sZD/VlmR7mA5bs4iu/sYNX9w==",
      "requires": {
        "oci-common": "1.10.0",
        "oci-workrequests": "1.10.0"
      }
    },
    "oci-loggingsearch": {
      "version": "1.10.0",
      "resolved": "https://registry.npmjs.org/oci-loggingsearch/-/oci-loggingsearch-1.10.0.tgz",
      "integrity": "sha512-wNqM9/drJxZ7vNzwgf8ois2jCgnVXdmxX38ce4WncWjyUSNnRQqCGUlWY45vBmxSXqc1o3wv9DX4tLge+ge8vw==",
      "requires": {
        "oci-common": "1.10.0",
        "oci-workrequests": "1.10.0"
      }
    },
    "oci-managementagent": {
      "version": "1.10.0",
      "resolved": "https://registry.npmjs.org/oci-managementagent/-/oci-managementagent-1.10.0.tgz",
      "integrity": "sha512-EGcq0v0WZ+rQ0nZFd1S8DH+WM5WS7wJ2v5e0zX441EEFQWkC3/4Kl2E6mBPosbBghPdYmecuJZCN7jCDeLENqA==",
      "requires": {
        "oci-common": "1.10.0",
        "oci-workrequests": "1.10.0"
      }
    },
    "oci-managementdashboard": {
      "version": "1.10.0",
      "resolved": "https://registry.npmjs.org/oci-managementdashboard/-/oci-managementdashboard-1.10.0.tgz",
      "integrity": "sha512-i4OC3KJhqZ69m+0741j364KQZXU9PZTFFDb37iJ91Kart9zU5KdpVRhj0zhmVOpXVyfAl+oYvobThqUZKrPn7w==",
      "requires": {
        "oci-common": "1.10.0",
        "oci-workrequests": "1.10.0"
      }
    },
    "oci-marketplace": {
      "version": "1.10.0",
      "resolved": "https://registry.npmjs.org/oci-marketplace/-/oci-marketplace-1.10.0.tgz",
      "integrity": "sha512-/cFhJagAaz41Roxw2ks8UMznxPs5GVAWpWtw+qi6VvOJCduRIv9zbRtiSTD0M3XducLqAFIg2kumU27iX8+9Xw==",
      "requires": {
        "oci-common": "1.10.0",
        "oci-workrequests": "1.10.0"
      }
    },
    "oci-monitoring": {
      "version": "1.10.0",
      "resolved": "https://registry.npmjs.org/oci-monitoring/-/oci-monitoring-1.10.0.tgz",
      "integrity": "sha512-/MN5fT8jpD7z1G/KMNivTP8EIY4zPfa2NGXA3W7TxWnAOn4PUotupq0Tttyv8qGHmfjTodG+Mypp850HDfQASA==",
      "requires": {
        "oci-common": "1.10.0",
        "oci-workrequests": "1.10.0"
      }
    },
    "oci-mysql": {
      "version": "1.10.0",
      "resolved": "https://registry.npmjs.org/oci-mysql/-/oci-mysql-1.10.0.tgz",
      "integrity": "sha512-YJcot22ELicAkNxUnnvSGnA798+wGwvGvm2XkD0zoscKn9X8DBlQwuAkYsoFH2fDatgEsBsvRvJGBvIbtvVEvg==",
      "requires": {
        "oci-common": "1.10.0",
        "oci-workrequests": "1.10.0"
      }
    },
    "oci-nosql": {
      "version": "1.10.0",
      "resolved": "https://registry.npmjs.org/oci-nosql/-/oci-nosql-1.10.0.tgz",
      "integrity": "sha512-MUnr+T6QjqQNVrb/hX4mWv9N3sKxQXncmli88LPCQJW9hpuQ6WTAhtEgJkgSoGhxpVeJAj/BfqEmi9epZc31jA==",
      "requires": {
        "oci-common": "1.10.0",
        "oci-workrequests": "1.10.0"
      }
    },
    "oci-objectstorage": {
      "version": "1.10.0",
      "resolved": "https://registry.npmjs.org/oci-objectstorage/-/oci-objectstorage-1.10.0.tgz",
      "integrity": "sha512-7RkzZYDatnmv8wdNHnLbLpjb9csvvR8OFmUWo5Vcmf/F2HGCzL7ijTZvT+Gq0ZnSEYjrH4F7sPhY13GEWm1aww==",
      "requires": {
        "await-semaphore": "^0.1.3",
        "oci-common": "1.10.0",
        "oci-workrequests": "1.10.0"
      }
    },
    "oci-oce": {
      "version": "1.10.0",
      "resolved": "https://registry.npmjs.org/oci-oce/-/oci-oce-1.10.0.tgz",
      "integrity": "sha512-6X/hKUoyrYrMjubvxkXyJw/Zd7IN2TsDMH+y23YdE/X6m42IosgzUXnTn8iS0UZ3EAZXFGf+EyBOT5ARlrLbaA==",
      "requires": {
        "oci-common": "1.10.0",
        "oci-workrequests": "1.10.0"
      }
    },
    "oci-ocvp": {
      "version": "1.10.0",
      "resolved": "https://registry.npmjs.org/oci-ocvp/-/oci-ocvp-1.10.0.tgz",
      "integrity": "sha512-IST3cJVsGqPXqqlLw3SALD7LsGkj7dS6zFPvW1ztQfMnZPTX0jbO91Oj/4CjKOYD0VkWbrmKzdzL555P2JXtrA==",
      "requires": {
        "oci-common": "1.10.0",
        "oci-workrequests": "1.10.0"
      }
    },
    "oci-oda": {
      "version": "1.10.0",
      "resolved": "https://registry.npmjs.org/oci-oda/-/oci-oda-1.10.0.tgz",
      "integrity": "sha512-ixFKSn9UkzPOkLbLCfufykT/XhkPCC4g+stUTEur33v5kENKmvx41NduyA2R+n3IsNDf0o0iTe6Wdm85RwdhlQ==",
      "requires": {
        "oci-common": "1.10.0",
        "oci-workrequests": "1.10.0"
      }
    },
    "oci-ons": {
      "version": "1.10.0",
      "resolved": "https://registry.npmjs.org/oci-ons/-/oci-ons-1.10.0.tgz",
      "integrity": "sha512-duGXt/BptcwyWLn7SSO27p5iCIT5Eft3BGrR/oTBkO/iZZikVRauCW8/JHyCtxrUPzaWf2lF6vPS02QB1m20ew==",
      "requires": {
        "oci-common": "1.10.0",
        "oci-workrequests": "1.10.0"
      }
    },
    "oci-opsi": {
      "version": "1.10.0",
      "resolved": "https://registry.npmjs.org/oci-opsi/-/oci-opsi-1.10.0.tgz",
      "integrity": "sha512-wBQ6tgYYD6cwYFBbhiMzT2QoT1SdhCvpFLb9fW6VBVY0F+Ojnkbf5JsGPVBcadh0kWZYLMIoBGF6b+W2Eeq01Q==",
      "requires": {
        "oci-common": "1.10.0",
        "oci-workrequests": "1.10.0"
      }
    },
    "oci-optimizer": {
      "version": "1.10.0",
      "resolved": "https://registry.npmjs.org/oci-optimizer/-/oci-optimizer-1.10.0.tgz",
      "integrity": "sha512-ZB5YlSabItDfEaX6Ajr9sZzESG1P5FPCdgkn2DTX60EQTHBvxDZifGIShXsnDyraTK/ieXikG7wWCrflQ9dnyA==",
      "requires": {
        "oci-common": "1.10.0",
        "oci-workrequests": "1.10.0"
      }
    },
    "oci-osmanagement": {
      "version": "1.10.0",
      "resolved": "https://registry.npmjs.org/oci-osmanagement/-/oci-osmanagement-1.10.0.tgz",
      "integrity": "sha512-WGIq8BimAVBF6EmWM7No3jQWFWO9qjP+0PjG/DVlTy5BnB4ihcYRtjRlhnlZCnej5t3ErnX+Y65uZApE7fziMQ==",
      "requires": {
        "oci-common": "1.10.0",
        "oci-workrequests": "1.10.0"
      }
    },
    "oci-resourcemanager": {
      "version": "1.10.0",
      "resolved": "https://registry.npmjs.org/oci-resourcemanager/-/oci-resourcemanager-1.10.0.tgz",
      "integrity": "sha512-EhHAHuab/lPBIlhXFcouuEMyHVhGbH9wCgHyiPHj+5dQZhl8JuwDM5QZXbZEhC/DOy3doRJck1q9/EodYBVORw==",
      "requires": {
        "oci-common": "1.10.0",
        "oci-workrequests": "1.10.0"
      }
    },
    "oci-resourcesearch": {
      "version": "1.10.0",
      "resolved": "https://registry.npmjs.org/oci-resourcesearch/-/oci-resourcesearch-1.10.0.tgz",
      "integrity": "sha512-wOhJ2tw8UP+gQCbIx4o1KkzzUKqlOf5uvfIToxztd+zP7XCKwK37UivL/Ym5KSyUKoBtZLC6NnebLPmgg0IS2Q==",
      "requires": {
        "oci-common": "1.10.0",
        "oci-workrequests": "1.10.0"
      }
    },
    "oci-rover": {
      "version": "1.10.0",
      "resolved": "https://registry.npmjs.org/oci-rover/-/oci-rover-1.10.0.tgz",
      "integrity": "sha512-KzBzwYA9AnS6NPGRMKsHhtmia7qePrypnHp/s6JZ/OHKLxMdex/mUhjQ/whVV+ZxlLMlsxKNk7Y/ohEruve7Dw==",
      "requires": {
        "oci-common": "1.10.0",
        "oci-workrequests": "1.10.0"
      }
    },
    "oci-sch": {
      "version": "1.10.0",
      "resolved": "https://registry.npmjs.org/oci-sch/-/oci-sch-1.10.0.tgz",
      "integrity": "sha512-gndsk//woiu7GcpLmDcjfT0IoBnFWay3Iq1d3XuAGBhQDhX+zeE3aMCl9tb3mGLOjn9/STA8MVut+M8/Eat6VA==",
      "requires": {
        "oci-common": "1.10.0",
        "oci-workrequests": "1.10.0"
      }
    },
    "oci-sdk": {
      "version": "1.10.0",
      "resolved": "https://registry.npmjs.org/oci-sdk/-/oci-sdk-1.10.0.tgz",
      "integrity": "sha512-BOjjQw/PPoEuYpFDtdU76kf5T7CSIqmmJ3O+qZxNkv/s4DiqvQOMjWV3bACYXfbvmrujqlTHlfcYUpUhRrLgaw==",
      "requires": {
        "oci-analytics": "1.10.0",
        "oci-announcementsservice": "1.10.0",
        "oci-apigateway": "1.10.0",
        "oci-applicationmigration": "1.10.0",
        "oci-audit": "1.10.0",
        "oci-autoscaling": "1.10.0",
        "oci-bds": "1.10.0",
        "oci-blockchain": "1.10.0",
        "oci-budget": "1.10.0",
        "oci-cims": "1.10.0",
        "oci-cloudguard": "1.10.0",
        "oci-common": "1.10.0",
        "oci-computeinstanceagent": "1.10.0",
        "oci-containerengine": "1.10.0",
        "oci-core": "1.10.0",
        "oci-database": "1.10.0",
        "oci-datacatalog": "1.10.0",
        "oci-dataflow": "1.10.0",
        "oci-dataintegration": "1.10.0",
        "oci-datasafe": "1.10.0",
        "oci-datascience": "1.10.0",
        "oci-dns": "1.10.0",
        "oci-dts": "1.10.0",
        "oci-email": "1.10.0",
        "oci-events": "1.10.0",
        "oci-filestorage": "1.10.0",
        "oci-functions": "1.10.0",
        "oci-healthchecks": "1.10.0",
        "oci-identity": "1.10.0",
        "oci-integration": "1.10.0",
        "oci-keymanagement": "1.10.0",
        "oci-limits": "1.10.0",
        "oci-loadbalancer": "1.10.0",
        "oci-loganalytics": "1.10.0",
        "oci-logging": "1.10.0",
        "oci-loggingingestion": "1.10.0",
        "oci-loggingsearch": "1.10.0",
        "oci-managementagent": "1.10.0",
        "oci-managementdashboard": "1.10.0",
        "oci-marketplace": "1.10.0",
        "oci-monitoring": "1.10.0",
        "oci-mysql": "1.10.0",
        "oci-nosql": "1.10.0",
        "oci-objectstorage": "1.10.0",
        "oci-oce": "1.10.0",
        "oci-ocvp": "1.10.0",
        "oci-oda": "1.10.0",
        "oci-ons": "1.10.0",
        "oci-opsi": "1.10.0",
        "oci-optimizer": "1.10.0",
        "oci-osmanagement": "1.10.0",
        "oci-resourcemanager": "1.10.0",
        "oci-resourcesearch": "1.10.0",
        "oci-rover": "1.10.0",
        "oci-sch": "1.10.0",
        "oci-secrets": "1.10.0",
        "oci-streaming": "1.10.0",
        "oci-tenantmanagercontrolplane": "1.10.0",
        "oci-usageapi": "1.10.0",
        "oci-vault": "1.10.0",
        "oci-waas": "1.10.0",
        "oci-workrequests": "1.10.0"
      }
    },
    "oci-secrets": {
      "version": "1.10.0",
      "resolved": "https://registry.npmjs.org/oci-secrets/-/oci-secrets-1.10.0.tgz",
      "integrity": "sha512-IhTxP/uqxuBkRjYByMiwefRhQTxbkd+QhzaGaR/GFZV3lcHljrkNE70kqffKMF4/V/xcvsflDpEhlCV2ogbrHw==",
      "requires": {
        "oci-common": "1.10.0",
        "oci-workrequests": "1.10.0"
      }
    },
    "oci-streaming": {
      "version": "1.10.0",
      "resolved": "https://registry.npmjs.org/oci-streaming/-/oci-streaming-1.10.0.tgz",
      "integrity": "sha512-6LPJZxdutLOsZXBiWOhgXJsv5+E5qNsndGqGiUA05E/nzPcIsa5KdstLNFZYJlBMjH9FMCCQaDx9X3WHuRs9jw==",
      "requires": {
        "oci-common": "1.10.0",
        "oci-workrequests": "1.10.0"
      }
    },
    "oci-tenantmanagercontrolplane": {
      "version": "1.10.0",
      "resolved": "https://registry.npmjs.org/oci-tenantmanagercontrolplane/-/oci-tenantmanagercontrolplane-1.10.0.tgz",
      "integrity": "sha512-krHbjnlmRILmSUJOaWiNMIWzSRkgybNokaO3Y4qh0+IexlrRdcPMf6hKN5wFGLfbFRg/REHJVSYT6WLjKllogQ==",
      "requires": {
        "oci-common": "1.10.0",
        "oci-workrequests": "1.10.0"
      }
    },
    "oci-usageapi": {
      "version": "1.10.0",
      "resolved": "https://registry.npmjs.org/oci-usageapi/-/oci-usageapi-1.10.0.tgz",
      "integrity": "sha512-Q1x7V08JlvkhPWclCYVJ5c7KrwhbT7QT7Yv2HophmKnw5JmSiDGiptXCStwGobNPIxehGDqtngwamvsU88gv8A==",
      "requires": {
        "oci-common": "1.10.0",
        "oci-workrequests": "1.10.0"
      }
    },
    "oci-vault": {
      "version": "1.10.0",
      "resolved": "https://registry.npmjs.org/oci-vault/-/oci-vault-1.10.0.tgz",
      "integrity": "sha512-zXhc9FsGi2wp1S7m0WpcT0YT65g4tFSXyGVUiHKcdkYT/zQod9mzOBbfR5Ijx57MefSh49XYwlXj4nFoz7M2oQ==",
      "requires": {
        "oci-common": "1.10.0",
        "oci-workrequests": "1.10.0"
      }
    },
    "oci-waas": {
      "version": "1.10.0",
      "resolved": "https://registry.npmjs.org/oci-waas/-/oci-waas-1.10.0.tgz",
      "integrity": "sha512-t530h5AwcpH2SQZQPpIiuUqr+5H8U3pXShZCORAvX4dDvSDR81jfcT5gUtHTvNRvhTrcVriLPxJ/+95xTfoVCA==",
      "requires": {
        "oci-common": "1.10.0",
        "oci-workrequests": "1.10.0"
      }
    },
    "oci-workrequests": {
      "version": "1.10.0",
      "resolved": "https://registry.npmjs.org/oci-workrequests/-/oci-workrequests-1.10.0.tgz",
      "integrity": "sha512-AT8JGwJClISo8w58JgbaLUPHJnydjuV5oAvNdLWTUQM5IkXDDzAvEOShf9iB6wK08HSi5j8QiGl3DddAB0Fjbw==",
      "requires": {
        "oci-common": "1.10.0",
        "oci-workrequests": "1.10.0"
      }
    },
    "opossum": {
      "version": "5.0.1",
      "resolved": "https://registry.npmjs.org/opossum/-/opossum-5.0.1.tgz",
      "integrity": "sha512-iUDUQmFl3RanaBVLMDTZ6WtXj/Hk84pwJ5JWoJaQd1lXGifdApHhszI3biZvdBDdpTERCmB6x+7+uNvzhzVZIg=="
    },
    "safe-buffer": {
      "version": "5.2.1",
      "resolved": "https://registry.npmjs.org/safe-buffer/-/safe-buffer-5.2.1.tgz",
      "integrity": "sha512-rp3So07KcdmmKbGvgaNxQSJr7bGVSVk5S9Eq1F+ppbRo70+YeaDxkw5Dd8NPN+GD6bjnYm2VuPuCXmpuYvmCXQ=="
    },
    "safer-buffer": {
      "version": "2.1.2",
      "resolved": "https://registry.npmjs.org/safer-buffer/-/safer-buffer-2.1.2.tgz",
      "integrity": "sha512-YZo3K82SD7Riyi0E1EQPojLz7kpepnSQI9IyPbHHg1XXXevb5dJI7tpyN2ADxGcQbHG7vcyRHk0cbwqcQriUtg=="
    },
    "semver": {
      "version": "5.7.1",
      "resolved": "https://registry.npmjs.org/semver/-/semver-5.7.1.tgz",
      "integrity": "sha512-sauaDf/PZdVgrLTNYHRtpXa1iRiKcaebiKQ1BJdpQlWH2lCvexQdX55snPFyK7QzpudqbCI0qXFfOasHdyNDGQ=="
    },
    "sshpk": {
      "version": "1.16.1",
      "resolved": "https://registry.npmjs.org/sshpk/-/sshpk-1.16.1.tgz",
      "integrity": "sha512-HXXqVUq7+pcKeLqqZj6mHFUMvXtOJt1uoUx09pFW6011inTMxqI8BA8PM95myrIyyKwdnzjdFjLiE6KBPVtJIg==",
      "requires": {
        "asn1": "~0.2.3",
        "assert-plus": "^1.0.0",
        "bcrypt-pbkdf": "^1.0.0",
        "dashdash": "^1.12.0",
        "ecc-jsbn": "~0.1.1",
        "getpass": "^0.1.1",
        "jsbn": "~0.1.0",
        "safer-buffer": "^2.0.2",
        "tweetnacl": "~0.14.0"
      }
    },
    "tweetnacl": {
      "version": "0.14.5",
      "resolved": "https://registry.npmjs.org/tweetnacl/-/tweetnacl-0.14.5.tgz",
      "integrity": "sha1-WuaBd/GS1EViadEIr6k/+HQ/T2Q="
    },
    "uuid": {
      "version": "3.3.3",
      "resolved": "https://registry.npmjs.org/uuid/-/uuid-3.3.3.tgz",
      "integrity": "sha512-pW0No1RGHgzlpHJO1nsVrHKpOEIxkGg1xB+v0ZmdNH5OAeAwzAVrCnI2/6Mtx+Uys6iaylxa+D3g4j63IKKjSQ=="
    },
    "verror": {
      "version": "1.10.0",
      "resolved": "https://registry.npmjs.org/verror/-/verror-1.10.0.tgz",
      "integrity": "sha1-OhBcoXBTr1XW4nDB+CiGguGNpAA=",
      "requires": {
        "assert-plus": "^1.0.0",
        "core-util-is": "1.0.2",
        "extsprintf": "^1.2.0"
      }
    },
    "whatwg-fetch": {
      "version": "3.5.0",
      "resolved": "https://registry.npmjs.org/whatwg-fetch/-/whatwg-fetch-3.5.0.tgz",
      "integrity": "sha512-jXkLtsR42xhXg7akoDKvKWE40eJeI+2KZqcp2h3NsOrRnDvtWX36KcKl30dy+hxECivdk2BVUHVNrPtoMBUx6A=="
    }
  }
}
